
Microsoft Visual Studio Solution File, Format Version 12.00
# Visual Studio Version 17
VisualStudioVersion = 17.5.33424.131
MinimumVisualStudioVersion = 10.0.40219.1
Project("{FAE04EC0-301F-11D3-BF4B-00C04F79EFBC}") = "Streaming platforma2", "Vjezbe 5\Streaming platforma2.csproj", "{E06028F5-D9AD-4DBC-8F00-F8EB2C991A88}"
EndProject
Project("{FAE04EC0-301F-11D3-BF4B-00C04F79EFBC}") = "Kino 1", "Kino 1\Kino 1.csproj", "{6CF9FD3C-3569-424C-B2DB-3E38C0876984}"
EndProject
Project("{FAE04EC0-301F-11D3-BF4B-00C04F79EFBC}") = "Kino 2", "Kino 2\Kino 2.csproj", "{81CC9F0A-6948-42F3-982D-3720835EE2AE}"
EndProject
Project("{FAE04EC0-301F-11D3-BF4B-00C04F79EFBC}") = "Agencija za nekretnine", "Agencija za nekretnine\Agencija za nekretnine.csproj", "{EA2D2DEF-B000-437A-ADF2-8B60C056E64E}"
EndProject
Project("{FAE04EC0-301F-11D3-BF4B-00C04F79EFBC}") = "Pricuva", "Pricuva\Pricuva.csproj", "{5363C7F5-2B1D-4373-A89F-7B544D631362}"
EndProject
Project("{FAE04EC0-301F-11D3-BF4B-00C04F79EFBC}") = "Burza", "Burza\Burza.csproj", "{112E3CAC-CCFB-496B-80BA-E98A3B4FF5E6}"
EndProject
Project("{FAE04EC0-301F-11D3-BF4B-00C04F79EFBC}") = "Gradjevina", "Gradjevina\Gradjevina.csproj", "{8FC40DAC-3424-4D0B-85D6-81BC959A728E}"
EndProject
Project("{FAE04EC0-301F-11D3-BF4B-00C04F79EFBC}") = "Mjenjacnica", "Mjenjacnica\Mjenjacnica.csproj", "{CD1B03C5-4959-46CF-9C91-347539697FE5}"
EndProject
Project("{FAE04EC0-301F-11D3-BF4B-00C04F79EFBC}") = "Otvaranje prozora", "Otvaranje prozora\Otvaranje prozora.csproj", "{E45A399A-AD24-48B6-A6B1-682B605546A3}"
EndProject
Project("{FAE04EC0-301F-11D3-BF4B-00C04F79EFBC}") = "17_PametnaKuca_MjerniUredaji", "17_PmaetnaKuca_MjerniUredaji\17_PametnaKuca_MjerniUredaji.csproj", "{A4CD07D7-20F8-4C74-96FA-211F55E7C992}"
EndProject
Project("{FAE04EC0-301F-11D3-BF4B-00C04F79EFBC}") = "18_mjerniUredaji", "18_mjerniUredaji\18_mjerniUredaji.csproj", "{B929A8D1-1ED4-4497-8293-6A8CF75A0FE6}"
EndProject
Project("{FAE04EC0-301F-11D3-BF4B-00C04F79EFBC}") = "19_Sensor", "19_Sensor\19_Sensor.csproj", "{D484919F-C1BE-44CF-B621-290AD942EE45}"
EndProject
Global
	GlobalSection(SolutionConfigurationPlatforms) = preSolution
		Debug|Any CPU = Debug|Any CPU
		Release|Any CPU = Release|Any CPU
	EndGlobalSection
	GlobalSection(ProjectConfigurationPlatforms) = postSolution
		{E06028F5-D9AD-4DBC-8F00-F8EB2C991A88}.Debug|Any CPU.ActiveCfg = Debug|Any CPU
		{E06028F5-D9AD-4DBC-8F00-F8EB2C991A88}.Debug|Any CPU.Build.0 = Debug|Any CPU
		{E06028F5-D9AD-4DBC-8F00-F8EB2C991A88}.Release|Any CPU.ActiveCfg = Release|Any CPU
		{E06028F5-D9AD-4DBC-8F00-F8EB2C991A88}.Release|Any CPU.Build.0 = Release|Any CPU
		{6CF9FD3C-3569-424C-B2DB-3E38C0876984}.Debug|Any CPU.ActiveCfg = Debug|Any CPU
		{6CF9FD3C-3569-424C-B2DB-3E38C0876984}.Debug|Any CPU.Build.0 = Debug|Any CPU
		{6CF9FD3C-3569-424C-B2DB-3E38C0876984}.Release|Any CPU.ActiveCfg = Release|Any CPU
		{6CF9FD3C-3569-424C-B2DB-3E38C0876984}.Release|Any CPU.Build.0 = Release|Any CPU
		{81CC9F0A-6948-42F3-982D-3720835EE2AE}.Debug|Any CPU.ActiveCfg = Debug|Any CPU
		{81CC9F0A-6948-42F3-982D-3720835EE2AE}.Debug|Any CPU.Build.0 = Debug|Any CPU
		{81CC9F0A-6948-42F3-982D-3720835EE2AE}.Release|Any CPU.ActiveCfg = Release|Any CPU
		{81CC9F0A-6948-42F3-982D-3720835EE2AE}.Release|Any CPU.Build.0 = Release|Any CPU
		{EA2D2DEF-B000-437A-ADF2-8B60C056E64E}.Debug|Any CPU.ActiveCfg = Debug|Any CPU
		{EA2D2DEF-B000-437A-ADF2-8B60C056E64E}.Debug|Any CPU.Build.0 = Debug|Any CPU
		{EA2D2DEF-B000-437A-ADF2-8B60C056E64E}.Release|Any CPU.ActiveCfg = Release|Any CPU
		{EA2D2DEF-B000-437A-ADF2-8B60C056E64E}.Release|Any CPU.Build.0 = Release|Any CPU
		{5363C7F5-2B1D-4373-A89F-7B544D631362}.Debug|Any CPU.ActiveCfg = Debug|Any CPU
		{5363C7F5-2B1D-4373-A89F-7B544D631362}.Debug|Any CPU.Build.0 = Debug|Any CPU
		{5363C7F5-2B1D-4373-A89F-7B544D631362}.Release|Any CPU.ActiveCfg = Release|Any CPU
		{5363C7F5-2B1D-4373-A89F-7B544D631362}.Release|Any CPU.Build.0 = Release|Any CPU
		{112E3CAC-CCFB-496B-80BA-E98A3B4FF5E6}.Debug|Any CPU.ActiveCfg = Debug|Any CPU
		{112E3CAC-CCFB-496B-80BA-E98A3B4FF5E6}.Debug|Any CPU.Build.0 = Debug|Any CPU
		{112E3CAC-CCFB-496B-80BA-E98A3B4FF5E6}.Release|Any CPU.ActiveCfg = Release|Any CPU
		{112E3CAC-CCFB-496B-80BA-E98A3B4FF5E6}.Release|Any CPU.Build.0 = Release|Any CPU
		{8FC40DAC-3424-4D0B-85D6-81BC959A728E}.Debug|Any CPU.ActiveCfg = Debug|Any CPU
		{8FC40DAC-3424-4D0B-85D6-81BC959A728E}.Debug|Any CPU.Build.0 = Debug|Any CPU
		{8FC40DAC-3424-4D0B-85D6-81BC959A728E}.Release|Any CPU.ActiveCfg = Release|Any CPU
		{8FC40DAC-3424-4D0B-85D6-81BC959A728E}.Release|Any CPU.Build.0 = Release|Any CPU
		{CD1B03C5-4959-46CF-9C91-347539697FE5}.Debug|Any CPU.ActiveCfg = Debug|Any CPU
		{CD1B03C5-4959-46CF-9C91-347539697FE5}.Debug|Any CPU.Build.0 = Debug|Any CPU
		{CD1B03C5-4959-46CF-9C91-347539697FE5}.Release|Any CPU.ActiveCfg = Release|Any CPU
		{CD1B03C5-4959-46CF-9C91-347539697FE5}.Release|Any CPU.Build.0 = Release|Any CPU
		{E45A399A-AD24-48B6-A6B1-682B605546A3}.Debug|Any CPU.ActiveCfg = Debug|Any CPU
		{E45A399A-AD24-48B6-A6B1-682B605546A3}.Debug|Any CPU.Build.0 = Debug|Any CPU
		{E45A399A-AD24-48B6-A6B1-682B605546A3}.Release|Any CPU.ActiveCfg = Release|Any CPU
		{E45A399A-AD24-48B6-A6B1-682B605546A3}.Release|Any CPU.Build.0 = Release|Any CPU
		{A4CD07D7-20F8-4C74-96FA-211F55E7C992}.Debug|Any CPU.ActiveCfg = Debug|Any CPU
		{A4CD07D7-20F8-4C74-96FA-211F55E7C992}.Debug|Any CPU.Build.0 = Debug|Any CPU
		{A4CD07D7-20F8-4C74-96FA-211F55E7C992}.Release|Any CPU.ActiveCfg = Release|Any CPU
		{A4CD07D7-20F8-4C74-96FA-211F55E7C992}.Release|Any CPU.Build.0 = Release|Any CPU
		{B929A8D1-1ED4-4497-8293-6A8CF75A0FE6}.Debug|Any CPU.ActiveCfg = Debug|Any CPU
		{B929A8D1-1ED4-4497-8293-6A8CF75A0FE6}.Debug|Any CPU.Build.0 = Debug|Any CPU
		{B929A8D1-1ED4-4497-8293-6A8CF75A0FE6}.Release|Any CPU.ActiveCfg = Release|Any CPU
		{B929A8D1-1ED4-4497-8293-6A8CF75A0FE6}.Release|Any CPU.Build.0 = Release|Any CPU
		{D484919F-C1BE-44CF-B621-290AD942EE45}.Debug|Any CPU.ActiveCfg = Debug|Any CPU
		{D484919F-C1BE-44CF-B621-290AD942EE45}.Debug|Any CPU.Build.0 = Debug|Any CPU
		{D484919F-C1BE-44CF-B621-290AD942EE45}.Release|Any CPU.ActiveCfg = Release|Any CPU
		{D484919F-C1BE-44CF-B621-290AD942EE45}.Release|Any CPU.Build.0 = Release|Any CPU
	EndGlobalSection
	GlobalSection(SolutionProperties) = preSolution
		HideSolutionNode = FALSE
	EndGlobalSection
	GlobalSection(ExtensibilityGlobals) = postSolution
		SolutionGuid = {8D082B13-F67E-42CE-8B0C-8F9AB015CF56}
	EndGlobalSection
EndGlobal
